
Microsoft Visual Studio Solution File, Format Version 12.00
# Visual Studio Version 17
VisualStudioVersion = 17.4.33205.214
MinimumVisualStudioVersion = 10.0.40219.1
Project("{FAE04EC0-301F-11D3-BF4B-00C04F79EFBC}") = "ArtemisModLoader", "ArtemisModLoader\ArtemisModLoader.csproj", "{7503F00A-B0D9-4FCF-A6A2-666F6E096E5B}"
	ProjectSection(ProjectDependencies) = postProject
		{B0CAFC3F-8146-4800-9BE8-1F0CA43FA023} = {B0CAFC3F-8146-4800-9BE8-1F0CA43FA023}
		{026DE65C-86C3-46D8-83FD-48BCD91EE942} = {026DE65C-86C3-46D8-83FD-48BCD91EE942}
	EndProjectSection
EndProject
Project("{2150E333-8FDC-42A3-9474-1A3956D46DE8}") = "Solution Items", "Solution Items", "{D28CAADB-C270-4D02-BD04-61A00C677D45}"
	ProjectSection(SolutionItems) = preProject
		AML20\Bitmaps\Bannrbmp.pdn = AML20\Bitmaps\Bannrbmp.pdn
		AML20\Bitmaps\dlgbmp.pdn = AML20\Bitmaps\dlgbmp.pdn
		ReferencedFiles\DMX Commander Script Language.doc = ReferencedFiles\DMX Commander Script Language.doc
		ReferencedFiles\DMX Commander Script Language.pdf = ReferencedFiles\DMX Commander Script Language.pdf
		FTD2XX_NET.dll = FTD2XX_NET.dll
		FTD2XX_NET.XML = FTD2XX_NET.XML
		Hardcodet.Wpf.TaskbarNotification.dll = Hardcodet.Wpf.TaskbarNotification.dll
		Hardcodet.Wpf.TaskbarNotification.pdb = Hardcodet.Wpf.TaskbarNotification.pdb
		ICSharpCode.AvalonEdit.dll = ICSharpCode.AvalonEdit.dll
		log4net.dll = log4net.dll
		NAudio.dll = NAudio.dll
		NAudio.WindowsMediaFormat.dll = NAudio.WindowsMediaFormat.dll
		NVorbis.dll = NVorbis.dll
		NVorbis.NAudioSupport.dll = NVorbis.NAudioSupport.dll
		NVorbis.NAudioSupport.XML = NVorbis.NAudioSupport.XML
		NVorbis.XML = NVorbis.XML
		Russ.ruleset = Russ.ruleset
		SharpCompress.3.5.dll = SharpCompress.3.5.dll
		SharpCompress.dll = SharpCompress.dll
		SharpCompress.Silverlight.dll = SharpCompress.Silverlight.dll
		WPFToolkit.Extended.dll = WPFToolkit.Extended.dll
	EndProjectSection
EndProject
Project("{FAE04EC0-301F-11D3-BF4B-00C04F79EFBC}") = "RussLibrary", "RussLibrary\RussLibrary.csproj", "{BC5FD24E-E8E5-4522-B620-C2B56867DF5E}"
EndProject
Project("{FAE04EC0-301F-11D3-BF4B-00C04F79EFBC}") = "VesselDataLibrary", "VesselDataLibrary\VesselDataLibrary.csproj", "{16D95EC2-7F1F-44C9-882F-A32BF67D7EF4}"
EndProject
Project("{FAE04EC0-301F-11D3-BF4B-00C04F79EFBC}") = "Sandbox", "Sandbox\Sandbox.csproj", "{43F4A32B-A38C-4883-A3F1-E2D54618A0B0}"
EndProject
Project("{FAE04EC0-301F-11D3-BF4B-00C04F79EFBC}") = "Resources", "Resources\Resources.csproj", "{B9456D65-735B-4537-A64A-795BF787F523}"
EndProject
Project("{FAE04EC0-301F-11D3-BF4B-00C04F79EFBC}") = "AMLLibrary", "AMLLibrary\AMLLibrary.csproj", "{89BFBD29-A9F6-497A-8B4D-9B25AA25AF08}"
EndProject
Project("{930C7802-8A8C-48F9-8165-68863BCCD9DD}") = "AML20", "AML20\AML20.wixproj", "{2DF91590-8074-4850-A3A8-5F845E8B993C}"
EndProject
Project("{FAE04EC0-301F-11D3-BF4B-00C04F79EFBC}") = "MissionStudio", "MissionScriptor\MissionStudio.csproj", "{D1849B15-563B-45A7-80E3-B24CDD94505C}"
EndProject
Project("{FAE04EC0-301F-11D3-BF4B-00C04F79EFBC}") = "SandboxConsole", "SandboxConsole\SandboxConsole.csproj", "{3A4D1602-FB4A-46FE-B0CA-BC8275DA5AEE}"
EndProject
Project("{FAE04EC0-301F-11D3-BF4B-00C04F79EFBC}") = "RussLibraryXmlEditor", "RussLibraryXmlEditor\RussLibraryXmlEditor.csproj", "{A8171F8D-9BA7-45FD-98BA-DBB500B394F4}"
EndProject
Project("{FAE04EC0-301F-11D3-BF4B-00C04F79EFBC}") = "RussLibraryAudio", "RussLibraryAudio\RussLibraryAudio.csproj", "{E4B2BBDC-514E-43A8-88BD-91F784CA19F8}"
EndProject
Project("{FAE04EC0-301F-11D3-BF4B-00C04F79EFBC}") = "RussLibraryFileExplorer", "RussLibraryFileExplorer\RussLibraryFileExplorer.csproj", "{026DE65C-86C3-46D8-83FD-48BCD91EE942}"
EndProject
Project("{FAE04EC0-301F-11D3-BF4B-00C04F79EFBC}") = "ArtemisEngineeringPresets", "ArtemisEngineeringPresets\ArtemisEngineeringPresets.csproj", "{B276F921-9406-4A84-BDAD-9E841194C3BE}"
EndProject
Project("{FAE04EC0-301F-11D3-BF4B-00C04F79EFBC}") = "VesselDataLibrary.Xml", "VesselDataLibrary.Xml\VesselDataLibrary.Xml.csproj", "{B0CAFC3F-8146-4800-9BE8-1F0CA43FA023}"
EndProject
Project("{FAE04EC0-301F-11D3-BF4B-00C04F79EFBC}") = "DMXCommander", "DMXCommander\DMXCommander.csproj", "{19FF1120-D74C-4212-929F-913FB45D5D5A}"
EndProject
Project("{FAE04EC0-301F-11D3-BF4B-00C04F79EFBC}") = "DMXCommand", "DMXCommand\DMXCommand.csproj", "{926B6A8A-809C-4E35-8E7B-2D494328BE2C}"
EndProject
Project("{930C7802-8A8C-48F9-8165-68863BCCD9DD}") = "DMXCommanderInstaller", "DMXCommanderInstaller\DMXCommanderInstaller.wixproj", "{112C3204-0CAF-4890-A712-FC25CE6E4FC2}"
EndProject
Project("{FAE04EC0-301F-11D3-BF4B-00C04F79EFBC}") = "ArtemisComm", "ArtemisComm\ArtemisComm.csproj", "{3F111DE3-7ED4-4D19-9B08-5921E144A0CF}"
EndProject
Project("{FAE04EC0-301F-11D3-BF4B-00C04F79EFBC}") = "ArtemisCommSandbox", "ArtemisCommSandbox\ArtemisCommSandbox.csproj", "{7580EE62-F48B-4FE3-8252-ABA78D75F0F4}"
EndProject
Project("{FAE04EC0-301F-11D3-BF4B-00C04F79EFBC}") = "ArtemisComm.BigRedButtonOfDeath.Library", "ArtemisComm.BigRedButtonOfDeath\ArtemisComm.BigRedButtonOfDeath.Library.csproj", "{2B71EFE0-4F0A-453D-8CE6-688FAEF75A33}"
EndProject
Project("{FAE04EC0-301F-11D3-BF4B-00C04F79EFBC}") = "ArtemisComm.BigRedButtonOfDeath.WPF", "ArtemisComm.BigRedButtonOfDeath.WPF\ArtemisComm.BigRedButtonOfDeath.WPF.csproj", "{B3079239-05AC-42D3-9E83-1248B9912E5A}"
EndProject
Project("{FAE04EC0-301F-11D3-BF4B-00C04F79EFBC}") = "ArtemisComm.Proxy.Library", "ArtemisComm.Proxy.Library\ArtemisComm.Proxy.Library.csproj", "{C3C382D9-6142-4144-AAE8-D7B2B34D1701}"
EndProject
Project("{FAE04EC0-301F-11D3-BF4B-00C04F79EFBC}") = "RussLibrary.GameMapping", "RussLibrary.GameMapping\RussLibrary.GameMapping.csproj", "{0BCE2B58-FF63-4030-960A-87FE4B7108BB}"
EndProject
Project("{54435603-DBB4-11D2-8724-00A0C9A8B90C}") = "AMLInstall", "AMLInstall\AMLInstall.vdproj", "{17182B5B-F9F3-4DD5-B52A-A54CAF67AB59}"
EndProject
Global
	GlobalSection(SolutionConfigurationPlatforms) = preSolution
		Debug|Any CPU = Debug|Any CPU
		Debug|Mixed Platforms = Debug|Mixed Platforms
		Debug|x86 = Debug|x86
		Release|Any CPU = Release|Any CPU
		Release|Mixed Platforms = Release|Mixed Platforms
		Release|x86 = Release|x86
	EndGlobalSection
	GlobalSection(ProjectConfigurationPlatforms) = postSolution
		{7503F00A-B0D9-4FCF-A6A2-666F6E096E5B}.Debug|Any CPU.ActiveCfg = Debug|x86
		{7503F00A-B0D9-4FCF-A6A2-666F6E096E5B}.Debug|Any CPU.Build.0 = Debug|x86
		{7503F00A-B0D9-4FCF-A6A2-666F6E096E5B}.Debug|Mixed Platforms.ActiveCfg = Debug|x86
		{7503F00A-B0D9-4FCF-A6A2-666F6E096E5B}.Debug|Mixed Platforms.Build.0 = Debug|x86
		{7503F00A-B0D9-4FCF-A6A2-666F6E096E5B}.Debug|x86.ActiveCfg = Debug|x86
		{7503F00A-B0D9-4FCF-A6A2-666F6E096E5B}.Debug|x86.Build.0 = Debug|x86
		{7503F00A-B0D9-4FCF-A6A2-666F6E096E5B}.Release|Any CPU.ActiveCfg = Release|x86
		{7503F00A-B0D9-4FCF-A6A2-666F6E096E5B}.Release|Any CPU.Build.0 = Release|x86
		{7503F00A-B0D9-4FCF-A6A2-666F6E096E5B}.Release|Mixed Platforms.ActiveCfg = Release|x86
		{7503F00A-B0D9-4FCF-A6A2-666F6E096E5B}.Release|Mixed Platforms.Build.0 = Release|x86
		{7503F00A-B0D9-4FCF-A6A2-666F6E096E5B}.Release|x86.ActiveCfg = Release|x86
		{7503F00A-B0D9-4FCF-A6A2-666F6E096E5B}.Release|x86.Build.0 = Release|x86
		{BC5FD24E-E8E5-4522-B620-C2B56867DF5E}.Debug|Any CPU.ActiveCfg = Debug|Any CPU
		{BC5FD24E-E8E5-4522-B620-C2B56867DF5E}.Debug|Any CPU.Build.0 = Debug|Any CPU
		{BC5FD24E-E8E5-4522-B620-C2B56867DF5E}.Debug|Mixed Platforms.ActiveCfg = Debug|Any CPU
		{BC5FD24E-E8E5-4522-B620-C2B56867DF5E}.Debug|Mixed Platforms.Build.0 = Debug|Any CPU
		{BC5FD24E-E8E5-4522-B620-C2B56867DF5E}.Debug|x86.ActiveCfg = Debug|x86
		{BC5FD24E-E8E5-4522-B620-C2B56867DF5E}.Debug|x86.Build.0 = Debug|x86
		{BC5FD24E-E8E5-4522-B620-C2B56867DF5E}.Release|Any CPU.ActiveCfg = Release|Any CPU
		{BC5FD24E-E8E5-4522-B620-C2B56867DF5E}.Release|Any CPU.Build.0 = Release|Any CPU
		{BC5FD24E-E8E5-4522-B620-C2B56867DF5E}.Release|Mixed Platforms.ActiveCfg = Release|x86
		{BC5FD24E-E8E5-4522-B620-C2B56867DF5E}.Release|Mixed Platforms.Build.0 = Release|x86
		{BC5FD24E-E8E5-4522-B620-C2B56867DF5E}.Release|x86.ActiveCfg = Release|x86
		{BC5FD24E-E8E5-4522-B620-C2B56867DF5E}.Release|x86.Build.0 = Release|x86
		{16D95EC2-7F1F-44C9-882F-A32BF67D7EF4}.Debug|Any CPU.ActiveCfg = Debug|Any CPU
		{16D95EC2-7F1F-44C9-882F-A32BF67D7EF4}.Debug|Any CPU.Build.0 = Debug|Any CPU
		{16D95EC2-7F1F-44C9-882F-A32BF67D7EF4}.Debug|Mixed Platforms.ActiveCfg = Debug|Any CPU
		{16D95EC2-7F1F-44C9-882F-A32BF67D7EF4}.Debug|Mixed Platforms.Build.0 = Debug|Any CPU
		{16D95EC2-7F1F-44C9-882F-A32BF67D7EF4}.Debug|x86.ActiveCfg = Debug|x86
		{16D95EC2-7F1F-44C9-882F-A32BF67D7EF4}.Debug|x86.Build.0 = Debug|x86
		{16D95EC2-7F1F-44C9-882F-A32BF67D7EF4}.Release|Any CPU.ActiveCfg = Release|Any CPU
		{16D95EC2-7F1F-44C9-882F-A32BF67D7EF4}.Release|Any CPU.Build.0 = Release|Any CPU
		{16D95EC2-7F1F-44C9-882F-A32BF67D7EF4}.Release|Mixed Platforms.ActiveCfg = Release|x86
		{16D95EC2-7F1F-44C9-882F-A32BF67D7EF4}.Release|Mixed Platforms.Build.0 = Release|x86
		{16D95EC2-7F1F-44C9-882F-A32BF67D7EF4}.Release|x86.ActiveCfg = Release|x86
		{16D95EC2-7F1F-44C9-882F-A32BF67D7EF4}.Release|x86.Build.0 = Release|x86
		{43F4A32B-A38C-4883-A3F1-E2D54618A0B0}.Debug|Any CPU.ActiveCfg = Debug|x86
		{43F4A32B-A38C-4883-A3F1-E2D54618A0B0}.Debug|Mixed Platforms.ActiveCfg = Debug|x86
		{43F4A32B-A38C-4883-A3F1-E2D54618A0B0}.Debug|Mixed Platforms.Build.0 = Debug|x86
		{43F4A32B-A38C-4883-A3F1-E2D54618A0B0}.Debug|x86.ActiveCfg = Debug|x86
		{43F4A32B-A38C-4883-A3F1-E2D54618A0B0}.Debug|x86.Build.0 = Debug|x86
		{43F4A32B-A38C-4883-A3F1-E2D54618A0B0}.Release|Any CPU.ActiveCfg = Release|x86
		{43F4A32B-A38C-4883-A3F1-E2D54618A0B0}.Release|Mixed Platforms.ActiveCfg = Release|x86
		{43F4A32B-A38C-4883-A3F1-E2D54618A0B0}.Release|Mixed Platforms.Build.0 = Release|x86
		{43F4A32B-A38C-4883-A3F1-E2D54618A0B0}.Release|x86.ActiveCfg = Release|x86
		{43F4A32B-A38C-4883-A3F1-E2D54618A0B0}.Release|x86.Build.0 = Release|x86
		{B9456D65-735B-4537-A64A-795BF787F523}.Debug|Any CPU.ActiveCfg = Debug|Any CPU
		{B9456D65-735B-4537-A64A-795BF787F523}.Debug|Any CPU.Build.0 = Debug|Any CPU
		{B9456D65-735B-4537-A64A-795BF787F523}.Debug|Mixed Platforms.ActiveCfg = Debug|Any CPU
		{B9456D65-735B-4537-A64A-795BF787F523}.Debug|Mixed Platforms.Build.0 = Debug|Any CPU
		{B9456D65-735B-4537-A64A-795BF787F523}.Debug|x86.ActiveCfg = Debug|x86
		{B9456D65-735B-4537-A64A-795BF787F523}.Debug|x86.Build.0 = Debug|x86
		{B9456D65-735B-4537-A64A-795BF787F523}.Release|Any CPU.ActiveCfg = Release|Any CPU
		{B9456D65-735B-4537-A64A-795BF787F523}.Release|Any CPU.Build.0 = Release|Any CPU
		{B9456D65-735B-4537-A64A-795BF787F523}.Release|Mixed Platforms.ActiveCfg = Release|x86
		{B9456D65-735B-4537-A64A-795BF787F523}.Release|Mixed Platforms.Build.0 = Release|x86
		{B9456D65-735B-4537-A64A-795BF787F523}.Release|x86.ActiveCfg = Release|x86
		{B9456D65-735B-4537-A64A-795BF787F523}.Release|x86.Build.0 = Release|x86
		{89BFBD29-A9F6-497A-8B4D-9B25AA25AF08}.Debug|Any CPU.ActiveCfg = Debug|Any CPU
		{89BFBD29-A9F6-497A-8B4D-9B25AA25AF08}.Debug|Any CPU.Build.0 = Debug|Any CPU
		{89BFBD29-A9F6-497A-8B4D-9B25AA25AF08}.Debug|Mixed Platforms.ActiveCfg = Debug|Any CPU
		{89BFBD29-A9F6-497A-8B4D-9B25AA25AF08}.Debug|Mixed Platforms.Build.0 = Debug|Any CPU
		{89BFBD29-A9F6-497A-8B4D-9B25AA25AF08}.Debug|x86.ActiveCfg = Debug|x86
		{89BFBD29-A9F6-497A-8B4D-9B25AA25AF08}.Debug|x86.Build.0 = Debug|x86
		{89BFBD29-A9F6-497A-8B4D-9B25AA25AF08}.Release|Any CPU.ActiveCfg = Release|Any CPU
		{89BFBD29-A9F6-497A-8B4D-9B25AA25AF08}.Release|Any CPU.Build.0 = Release|Any CPU
		{89BFBD29-A9F6-497A-8B4D-9B25AA25AF08}.Release|Mixed Platforms.ActiveCfg = Release|x86
		{89BFBD29-A9F6-497A-8B4D-9B25AA25AF08}.Release|Mixed Platforms.Build.0 = Release|x86
		{89BFBD29-A9F6-497A-8B4D-9B25AA25AF08}.Release|x86.ActiveCfg = Release|x86
		{89BFBD29-A9F6-497A-8B4D-9B25AA25AF08}.Release|x86.Build.0 = Release|x86
		{2DF91590-8074-4850-A3A8-5F845E8B993C}.Debug|Any CPU.ActiveCfg = Debug|x86
		{2DF91590-8074-4850-A3A8-5F845E8B993C}.Debug|Mixed Platforms.ActiveCfg = Debug|x86
		{2DF91590-8074-4850-A3A8-5F845E8B993C}.Debug|Mixed Platforms.Build.0 = Debug|x86
		{2DF91590-8074-4850-A3A8-5F845E8B993C}.Debug|x86.ActiveCfg = Debug|x86
		{2DF91590-8074-4850-A3A8-5F845E8B993C}.Debug|x86.Build.0 = Debug|x86
		{2DF91590-8074-4850-A3A8-5F845E8B993C}.Release|Any CPU.ActiveCfg = Release|x86
		{2DF91590-8074-4850-A3A8-5F845E8B993C}.Release|Any CPU.Build.0 = Release|x86
		{2DF91590-8074-4850-A3A8-5F845E8B993C}.Release|Mixed Platforms.ActiveCfg = Release|x86
		{2DF91590-8074-4850-A3A8-5F845E8B993C}.Release|Mixed Platforms.Build.0 = Release|x86
		{2DF91590-8074-4850-A3A8-5F845E8B993C}.Release|x86.ActiveCfg = Release|x86
		{2DF91590-8074-4850-A3A8-5F845E8B993C}.Release|x86.Build.0 = Release|x86
		{D1849B15-563B-45A7-80E3-B24CDD94505C}.Debug|Any CPU.ActiveCfg = Debug|Any CPU
		{D1849B15-563B-45A7-80E3-B24CDD94505C}.Debug|Any CPU.Build.0 = Debug|Any CPU
		{D1849B15-563B-45A7-80E3-B24CDD94505C}.Debug|Mixed Platforms.ActiveCfg = Debug|Any CPU
		{D1849B15-563B-45A7-80E3-B24CDD94505C}.Debug|Mixed Platforms.Build.0 = Debug|Any CPU
		{D1849B15-563B-45A7-80E3-B24CDD94505C}.Debug|x86.ActiveCfg = Debug|Any CPU
		{D1849B15-563B-45A7-80E3-B24CDD94505C}.Release|Any CPU.ActiveCfg = Release|Any CPU
		{D1849B15-563B-45A7-80E3-B24CDD94505C}.Release|Any CPU.Build.0 = Release|Any CPU
		{D1849B15-563B-45A7-80E3-B24CDD94505C}.Release|Mixed Platforms.ActiveCfg = Release|Any CPU
		{D1849B15-563B-45A7-80E3-B24CDD94505C}.Release|Mixed Platforms.Build.0 = Release|Any CPU
		{D1849B15-563B-45A7-80E3-B24CDD94505C}.Release|x86.ActiveCfg = Release|Any CPU
		{3A4D1602-FB4A-46FE-B0CA-BC8275DA5AEE}.Debug|Any CPU.ActiveCfg = Debug|x86
		{3A4D1602-FB4A-46FE-B0CA-BC8275DA5AEE}.Debug|Mixed Platforms.ActiveCfg = Debug|x86
		{3A4D1602-FB4A-46FE-B0CA-BC8275DA5AEE}.Debug|Mixed Platforms.Build.0 = Debug|x86
		{3A4D1602-FB4A-46FE-B0CA-BC8275DA5AEE}.Debug|x86.ActiveCfg = Debug|x86
		{3A4D1602-FB4A-46FE-B0CA-BC8275DA5AEE}.Debug|x86.Build.0 = Debug|x86
		{3A4D1602-FB4A-46FE-B0CA-BC8275DA5AEE}.Release|Any CPU.ActiveCfg = Release|x86
		{3A4D1602-FB4A-46FE-B0CA-BC8275DA5AEE}.Release|Mixed Platforms.ActiveCfg = Release|x86
		{3A4D1602-FB4A-46FE-B0CA-BC8275DA5AEE}.Release|Mixed Platforms.Build.0 = Release|x86
		{3A4D1602-FB4A-46FE-B0CA-BC8275DA5AEE}.Release|x86.ActiveCfg = Release|x86
		{3A4D1602-FB4A-46FE-B0CA-BC8275DA5AEE}.Release|x86.Build.0 = Release|x86
		{A8171F8D-9BA7-45FD-98BA-DBB500B394F4}.Debug|Any CPU.ActiveCfg = Debug|Any CPU
		{A8171F8D-9BA7-45FD-98BA-DBB500B394F4}.Debug|Any CPU.Build.0 = Debug|Any CPU
		{A8171F8D-9BA7-45FD-98BA-DBB500B394F4}.Debug|Mixed Platforms.ActiveCfg = Debug|Any CPU
		{A8171F8D-9BA7-45FD-98BA-DBB500B394F4}.Debug|Mixed Platforms.Build.0 = Debug|Any CPU
		{A8171F8D-9BA7-45FD-98BA-DBB500B394F4}.Debug|x86.ActiveCfg = Debug|Any CPU
		{A8171F8D-9BA7-45FD-98BA-DBB500B394F4}.Release|Any CPU.ActiveCfg = Release|Any CPU
		{A8171F8D-9BA7-45FD-98BA-DBB500B394F4}.Release|Any CPU.Build.0 = Release|Any CPU
		{A8171F8D-9BA7-45FD-98BA-DBB500B394F4}.Release|Mixed Platforms.ActiveCfg = Release|Any CPU
		{A8171F8D-9BA7-45FD-98BA-DBB500B394F4}.Release|Mixed Platforms.Build.0 = Release|Any CPU
		{A8171F8D-9BA7-45FD-98BA-DBB500B394F4}.Release|x86.ActiveCfg = Release|Any CPU
		{E4B2BBDC-514E-43A8-88BD-91F784CA19F8}.Debug|Any CPU.ActiveCfg = Debug|Any CPU
		{E4B2BBDC-514E-43A8-88BD-91F784CA19F8}.Debug|Any CPU.Build.0 = Debug|Any CPU
		{E4B2BBDC-514E-43A8-88BD-91F784CA19F8}.Debug|Mixed Platforms.ActiveCfg = Debug|Any CPU
		{E4B2BBDC-514E-43A8-88BD-91F784CA19F8}.Debug|Mixed Platforms.Build.0 = Debug|Any CPU
		{E4B2BBDC-514E-43A8-88BD-91F784CA19F8}.Debug|x86.ActiveCfg = Debug|Any CPU
		{E4B2BBDC-514E-43A8-88BD-91F784CA19F8}.Release|Any CPU.ActiveCfg = Release|Any CPU
		{E4B2BBDC-514E-43A8-88BD-91F784CA19F8}.Release|Any CPU.Build.0 = Release|Any CPU
		{E4B2BBDC-514E-43A8-88BD-91F784CA19F8}.Release|Mixed Platforms.ActiveCfg = Release|Any CPU
		{E4B2BBDC-514E-43A8-88BD-91F784CA19F8}.Release|Mixed Platforms.Build.0 = Release|Any CPU
		{E4B2BBDC-514E-43A8-88BD-91F784CA19F8}.Release|x86.ActiveCfg = Release|Any CPU
		{026DE65C-86C3-46D8-83FD-48BCD91EE942}.Debug|Any CPU.ActiveCfg = Debug|Any CPU
		{026DE65C-86C3-46D8-83FD-48BCD91EE942}.Debug|Any CPU.Build.0 = Debug|Any CPU
		{026DE65C-86C3-46D8-83FD-48BCD91EE942}.Debug|Mixed Platforms.ActiveCfg = Debug|Any CPU
		{026DE65C-86C3-46D8-83FD-48BCD91EE942}.Debug|Mixed Platforms.Build.0 = Debug|Any CPU
		{026DE65C-86C3-46D8-83FD-48BCD91EE942}.Debug|x86.ActiveCfg = Debug|Any CPU
		{026DE65C-86C3-46D8-83FD-48BCD91EE942}.Release|Any CPU.ActiveCfg = Release|Any CPU
		{026DE65C-86C3-46D8-83FD-48BCD91EE942}.Release|Any CPU.Build.0 = Release|Any CPU
		{026DE65C-86C3-46D8-83FD-48BCD91EE942}.Release|Mixed Platforms.ActiveCfg = Release|Any CPU
		{026DE65C-86C3-46D8-83FD-48BCD91EE942}.Release|Mixed Platforms.Build.0 = Release|Any CPU
		{026DE65C-86C3-46D8-83FD-48BCD91EE942}.Release|x86.ActiveCfg = Release|Any CPU
		{B276F921-9406-4A84-BDAD-9E841194C3BE}.Debug|Any CPU.ActiveCfg = Debug|Any CPU
		{B276F921-9406-4A84-BDAD-9E841194C3BE}.Debug|Any CPU.Build.0 = Debug|Any CPU
		{B276F921-9406-4A84-BDAD-9E841194C3BE}.Debug|Mixed Platforms.ActiveCfg = Debug|Any CPU
		{B276F921-9406-4A84-BDAD-9E841194C3BE}.Debug|Mixed Platforms.Build.0 = Debug|Any CPU
		{B276F921-9406-4A84-BDAD-9E841194C3BE}.Debug|x86.ActiveCfg = Debug|Any CPU
		{B276F921-9406-4A84-BDAD-9E841194C3BE}.Release|Any CPU.ActiveCfg = Release|Any CPU
		{B276F921-9406-4A84-BDAD-9E841194C3BE}.Release|Any CPU.Build.0 = Release|Any CPU
		{B276F921-9406-4A84-BDAD-9E841194C3BE}.Release|Mixed Platforms.ActiveCfg = Release|Any CPU
		{B276F921-9406-4A84-BDAD-9E841194C3BE}.Release|Mixed Platforms.Build.0 = Release|Any CPU
		{B276F921-9406-4A84-BDAD-9E841194C3BE}.Release|x86.ActiveCfg = Release|Any CPU
		{B0CAFC3F-8146-4800-9BE8-1F0CA43FA023}.Debug|Any CPU.ActiveCfg = Debug|Any CPU
		{B0CAFC3F-8146-4800-9BE8-1F0CA43FA023}.Debug|Any CPU.Build.0 = Debug|Any CPU
		{B0CAFC3F-8146-4800-9BE8-1F0CA43FA023}.Debug|Mixed Platforms.ActiveCfg = Debug|Any CPU
		{B0CAFC3F-8146-4800-9BE8-1F0CA43FA023}.Debug|Mixed Platforms.Build.0 = Debug|Any CPU
		{B0CAFC3F-8146-4800-9BE8-1F0CA43FA023}.Debug|x86.ActiveCfg = Debug|Any CPU
		{B0CAFC3F-8146-4800-9BE8-1F0CA43FA023}.Release|Any CPU.ActiveCfg = Release|Any CPU
		{B0CAFC3F-8146-4800-9BE8-1F0CA43FA023}.Release|Any CPU.Build.0 = Release|Any CPU
		{B0CAFC3F-8146-4800-9BE8-1F0CA43FA023}.Release|Mixed Platforms.ActiveCfg = Release|Any CPU
		{B0CAFC3F-8146-4800-9BE8-1F0CA43FA023}.Release|Mixed Platforms.Build.0 = Release|Any CPU
		{B0CAFC3F-8146-4800-9BE8-1F0CA43FA023}.Release|x86.ActiveCfg = Release|Any CPU
		{19FF1120-D74C-4212-929F-913FB45D5D5A}.Debug|Any CPU.ActiveCfg = Debug|Any CPU
		{19FF1120-D74C-4212-929F-913FB45D5D5A}.Debug|Any CPU.Build.0 = Debug|Any CPU
		{19FF1120-D74C-4212-929F-913FB45D5D5A}.Debug|Mixed Platforms.ActiveCfg = Debug|Any CPU
		{19FF1120-D74C-4212-929F-913FB45D5D5A}.Debug|Mixed Platforms.Build.0 = Debug|Any CPU
		{19FF1120-D74C-4212-929F-913FB45D5D5A}.Debug|x86.ActiveCfg = Debug|Any CPU
		{19FF1120-D74C-4212-929F-913FB45D5D5A}.Release|Any CPU.ActiveCfg = Release|Any CPU
		{19FF1120-D74C-4212-929F-913FB45D5D5A}.Release|Any CPU.Build.0 = Release|Any CPU
		{19FF1120-D74C-4212-929F-913FB45D5D5A}.Release|Mixed Platforms.ActiveCfg = Release|Any CPU
		{19FF1120-D74C-4212-929F-913FB45D5D5A}.Release|Mixed Platforms.Build.0 = Release|Any CPU
		{19FF1120-D74C-4212-929F-913FB45D5D5A}.Release|x86.ActiveCfg = Release|Any CPU
		{926B6A8A-809C-4E35-8E7B-2D494328BE2C}.Debug|Any CPU.ActiveCfg = Debug|Any CPU
		{926B6A8A-809C-4E35-8E7B-2D494328BE2C}.Debug|Any CPU.Build.0 = Debug|Any CPU
		{926B6A8A-809C-4E35-8E7B-2D494328BE2C}.Debug|Mixed Platforms.ActiveCfg = Debug|Any CPU
		{926B6A8A-809C-4E35-8E7B-2D494328BE2C}.Debug|Mixed Platforms.Build.0 = Debug|Any CPU
		{926B6A8A-809C-4E35-8E7B-2D494328BE2C}.Debug|x86.ActiveCfg = Debug|Any CPU
		{926B6A8A-809C-4E35-8E7B-2D494328BE2C}.Release|Any CPU.ActiveCfg = Release|Any CPU
		{926B6A8A-809C-4E35-8E7B-2D494328BE2C}.Release|Any CPU.Build.0 = Release|Any CPU
		{926B6A8A-809C-4E35-8E7B-2D494328BE2C}.Release|Mixed Platforms.ActiveCfg = Release|Any CPU
		{926B6A8A-809C-4E35-8E7B-2D494328BE2C}.Release|Mixed Platforms.Build.0 = Release|Any CPU
		{926B6A8A-809C-4E35-8E7B-2D494328BE2C}.Release|x86.ActiveCfg = Release|Any CPU
		{112C3204-0CAF-4890-A712-FC25CE6E4FC2}.Debug|Any CPU.ActiveCfg = Debug|x86
		{112C3204-0CAF-4890-A712-FC25CE6E4FC2}.Debug|Mixed Platforms.ActiveCfg = Debug|x86
		{112C3204-0CAF-4890-A712-FC25CE6E4FC2}.Debug|Mixed Platforms.Build.0 = Debug|x86
		{112C3204-0CAF-4890-A712-FC25CE6E4FC2}.Debug|x86.ActiveCfg = Debug|x86
		{112C3204-0CAF-4890-A712-FC25CE6E4FC2}.Debug|x86.Build.0 = Debug|x86
		{112C3204-0CAF-4890-A712-FC25CE6E4FC2}.Release|Any CPU.ActiveCfg = Release|x86
		{112C3204-0CAF-4890-A712-FC25CE6E4FC2}.Release|Mixed Platforms.ActiveCfg = Release|x86
		{112C3204-0CAF-4890-A712-FC25CE6E4FC2}.Release|Mixed Platforms.Build.0 = Release|x86
		{112C3204-0CAF-4890-A712-FC25CE6E4FC2}.Release|x86.ActiveCfg = Release|x86
		{112C3204-0CAF-4890-A712-FC25CE6E4FC2}.Release|x86.Build.0 = Release|x86
		{3F111DE3-7ED4-4D19-9B08-5921E144A0CF}.Debug|Any CPU.ActiveCfg = Debug|Any CPU
		{3F111DE3-7ED4-4D19-9B08-5921E144A0CF}.Debug|Any CPU.Build.0 = Debug|Any CPU
		{3F111DE3-7ED4-4D19-9B08-5921E144A0CF}.Debug|Mixed Platforms.ActiveCfg = Debug|Any CPU
		{3F111DE3-7ED4-4D19-9B08-5921E144A0CF}.Debug|Mixed Platforms.Build.0 = Debug|Any CPU
		{3F111DE3-7ED4-4D19-9B08-5921E144A0CF}.Debug|x86.ActiveCfg = Debug|Any CPU
		{3F111DE3-7ED4-4D19-9B08-5921E144A0CF}.Release|Any CPU.ActiveCfg = Release|Any CPU
		{3F111DE3-7ED4-4D19-9B08-5921E144A0CF}.Release|Any CPU.Build.0 = Release|Any CPU
		{3F111DE3-7ED4-4D19-9B08-5921E144A0CF}.Release|Mixed Platforms.ActiveCfg = Release|Any CPU
		{3F111DE3-7ED4-4D19-9B08-5921E144A0CF}.Release|Mixed Platforms.Build.0 = Release|Any CPU
		{3F111DE3-7ED4-4D19-9B08-5921E144A0CF}.Release|x86.ActiveCfg = Release|Any CPU
		{7580EE62-F48B-4FE3-8252-ABA78D75F0F4}.Debug|Any CPU.ActiveCfg = Debug|Any CPU
		{7580EE62-F48B-4FE3-8252-ABA78D75F0F4}.Debug|Any CPU.Build.0 = Debug|Any CPU
		{7580EE62-F48B-4FE3-8252-ABA78D75F0F4}.Debug|Mixed Platforms.ActiveCfg = Debug|Any CPU
		{7580EE62-F48B-4FE3-8252-ABA78D75F0F4}.Debug|Mixed Platforms.Build.0 = Debug|Any CPU
		{7580EE62-F48B-4FE3-8252-ABA78D75F0F4}.Debug|x86.ActiveCfg = Debug|Any CPU
		{7580EE62-F48B-4FE3-8252-ABA78D75F0F4}.Release|Any CPU.ActiveCfg = Release|Any CPU
		{7580EE62-F48B-4FE3-8252-ABA78D75F0F4}.Release|Any CPU.Build.0 = Release|Any CPU
		{7580EE62-F48B-4FE3-8252-ABA78D75F0F4}.Release|Mixed Platforms.ActiveCfg = Release|Any CPU
		{7580EE62-F48B-4FE3-8252-ABA78D75F0F4}.Release|Mixed Platforms.Build.0 = Release|Any CPU
		{7580EE62-F48B-4FE3-8252-ABA78D75F0F4}.Release|x86.ActiveCfg = Release|Any CPU
		{2B71EFE0-4F0A-453D-8CE6-688FAEF75A33}.Debug|Any CPU.ActiveCfg = Debug|Any CPU
		{2B71EFE0-4F0A-453D-8CE6-688FAEF75A33}.Debug|Any CPU.Build.0 = Debug|Any CPU
		{2B71EFE0-4F0A-453D-8CE6-688FAEF75A33}.Debug|Mixed Platforms.ActiveCfg = Debug|Any CPU
		{2B71EFE0-4F0A-453D-8CE6-688FAEF75A33}.Debug|Mixed Platforms.Build.0 = Debug|Any CPU
		{2B71EFE0-4F0A-453D-8CE6-688FAEF75A33}.Debug|x86.ActiveCfg = Debug|Any CPU
		{2B71EFE0-4F0A-453D-8CE6-688FAEF75A33}.Release|Any CPU.ActiveCfg = Release|Any CPU
		{2B71EFE0-4F0A-453D-8CE6-688FAEF75A33}.Release|Any CPU.Build.0 = Release|Any CPU
		{2B71EFE0-4F0A-453D-8CE6-688FAEF75A33}.Release|Mixed Platforms.ActiveCfg = Release|Any CPU
		{2B71EFE0-4F0A-453D-8CE6-688FAEF75A33}.Release|Mixed Platforms.Build.0 = Release|Any CPU
		{2B71EFE0-4F0A-453D-8CE6-688FAEF75A33}.Release|x86.ActiveCfg = Release|Any CPU
		{B3079239-05AC-42D3-9E83-1248B9912E5A}.Debug|Any CPU.ActiveCfg = Debug|Any CPU
		{B3079239-05AC-42D3-9E83-1248B9912E5A}.Debug|Any CPU.Build.0 = Debug|Any CPU
		{B3079239-05AC-42D3-9E83-1248B9912E5A}.Debug|Mixed Platforms.ActiveCfg = Debug|Any CPU
		{B3079239-05AC-42D3-9E83-1248B9912E5A}.Debug|Mixed Platforms.Build.0 = Debug|Any CPU
		{B3079239-05AC-42D3-9E83-1248B9912E5A}.Debug|x86.ActiveCfg = Debug|Any CPU
		{B3079239-05AC-42D3-9E83-1248B9912E5A}.Release|Any CPU.ActiveCfg = Release|Any CPU
		{B3079239-05AC-42D3-9E83-1248B9912E5A}.Release|Any CPU.Build.0 = Release|Any CPU
		{B3079239-05AC-42D3-9E83-1248B9912E5A}.Release|Mixed Platforms.ActiveCfg = Release|Any CPU
		{B3079239-05AC-42D3-9E83-1248B9912E5A}.Release|Mixed Platforms.Build.0 = Release|Any CPU
		{B3079239-05AC-42D3-9E83-1248B9912E5A}.Release|x86.ActiveCfg = Release|Any CPU
		{C3C382D9-6142-4144-AAE8-D7B2B34D1701}.Debug|Any CPU.ActiveCfg = Debug|Any CPU
		{C3C382D9-6142-4144-AAE8-D7B2B34D1701}.Debug|Any CPU.Build.0 = Debug|Any CPU
		{C3C382D9-6142-4144-AAE8-D7B2B34D1701}.Debug|Mixed Platforms.ActiveCfg = Debug|Any CPU
		{C3C382D9-6142-4144-AAE8-D7B2B34D1701}.Debug|Mixed Platforms.Build.0 = Debug|Any CPU
		{C3C382D9-6142-4144-AAE8-D7B2B34D1701}.Debug|x86.ActiveCfg = Debug|Any CPU
		{C3C382D9-6142-4144-AAE8-D7B2B34D1701}.Release|Any CPU.ActiveCfg = Release|Any CPU
		{C3C382D9-6142-4144-AAE8-D7B2B34D1701}.Release|Any CPU.Build.0 = Release|Any CPU
		{C3C382D9-6142-4144-AAE8-D7B2B34D1701}.Release|Mixed Platforms.ActiveCfg = Release|Any CPU
		{C3C382D9-6142-4144-AAE8-D7B2B34D1701}.Release|Mixed Platforms.Build.0 = Release|Any CPU
		{C3C382D9-6142-4144-AAE8-D7B2B34D1701}.Release|x86.ActiveCfg = Release|Any CPU
		{0BCE2B58-FF63-4030-960A-87FE4B7108BB}.Debug|Any CPU.ActiveCfg = Debug|Any CPU
		{0BCE2B58-FF63-4030-960A-87FE4B7108BB}.Debug|Any CPU.Build.0 = Debug|Any CPU
		{0BCE2B58-FF63-4030-960A-87FE4B7108BB}.Debug|Mixed Platforms.ActiveCfg = Debug|Any CPU
		{0BCE2B58-FF63-4030-960A-87FE4B7108BB}.Debug|Mixed Platforms.Build.0 = Debug|Any CPU
		{0BCE2B58-FF63-4030-960A-87FE4B7108BB}.Debug|x86.ActiveCfg = Debug|Any CPU
		{0BCE2B58-FF63-4030-960A-87FE4B7108BB}.Release|Any CPU.ActiveCfg = Release|Any CPU
		{0BCE2B58-FF63-4030-960A-87FE4B7108BB}.Release|Any CPU.Build.0 = Release|Any CPU
		{0BCE2B58-FF63-4030-960A-87FE4B7108BB}.Release|Mixed Platforms.ActiveCfg = Release|Any CPU
		{0BCE2B58-FF63-4030-960A-87FE4B7108BB}.Release|Mixed Platforms.Build.0 = Release|Any CPU
		{0BCE2B58-FF63-4030-960A-87FE4B7108BB}.Release|x86.ActiveCfg = Release|Any CPU
		{17182B5B-F9F3-4DD5-B52A-A54CAF67AB59}.Debug|Any CPU.ActiveCfg = Debug
		{17182B5B-F9F3-4DD5-B52A-A54CAF67AB59}.Debug|Mixed Platforms.ActiveCfg = Debug
		{17182B5B-F9F3-4DD5-B52A-A54CAF67AB59}.Debug|x86.ActiveCfg = Debug
		{17182B5B-F9F3-4DD5-B52A-A54CAF67AB59}.Release|Any CPU.ActiveCfg = Release
		{17182B5B-F9F3-4DD5-B52A-A54CAF67AB59}.Release|Mixed Platforms.ActiveCfg = Release
		{17182B5B-F9F3-4DD5-B52A-A54CAF67AB59}.Release|x86.ActiveCfg = Release
	EndGlobalSection
	GlobalSection(SolutionProperties) = preSolution
		HideSolutionNode = FALSE
	EndGlobalSection
	GlobalSection(ExtensibilityGlobals) = postSolution
		SolutionGuid = {22798B55-BE28-470A-81A4-04C20A7CC438}
	EndGlobalSection
EndGlobal
